// !$*UTF8*$!
{
	archiveVersion = 1;
	classes = {
	};
	objectVersion = 55;
	objects = {

/* Begin PBXBuildFile section */
		5ABF5005394286424D09C497637250A2 /* Foundation.framework in Frameworks */ = {isa = PBXBuildFile; fileRef = 73010CC983E3809BECEE5348DA1BB8C6 /* Foundation.framework */; };
		69C454BB3248AF5B39142B95250D1C6A /* SkyFloatingLabelTextFieldWithIcon.swift in Sources */ = {isa = PBXBuildFile; fileRef = 3C5E41D0323800AF496C90DA7AFF7E14 /* SkyFloatingLabelTextFieldWithIcon.swift */; };
		71F14BDCF58F35F2568B8BA88036D1C4 /* Pods-ReminderApp-umbrella.h in Headers */ = {isa = PBXBuildFile; fileRef = 1BAD36F839E258742EAAF81C31318CFE /* Pods-ReminderApp-umbrella.h */; settings = {ATTRIBUTES = (Public, ); }; };
		878035B27CC6F4ADFB8E5393164F0002 /* SkyFloatingLabelTextField-dummy.m in Sources */ = {isa = PBXBuildFile; fileRef = 457CADA1BD85F608FD0C6BFA4F0AACDF /* SkyFloatingLabelTextField-dummy.m */; };
		AC0326BB09CDDE80C7B29F5F33280C39 /* Pods-ReminderApp-dummy.m in Sources */ = {isa = PBXBuildFile; fileRef = 65DA810282744DAB6BEDDE9E0025A41C /* Pods-ReminderApp-dummy.m */; };
		C5365905DB5F9D3AFA78B6659B09FA3B /* Foundation.framework in Frameworks */ = {isa = PBXBuildFile; fileRef = 73010CC983E3809BECEE5348DA1BB8C6 /* Foundation.framework */; };
		E2ABE924B2D77383C50E0BAD47F1A2CE /* UITextField+fixCaretPosition.swift in Sources */ = {isa = PBXBuildFile; fileRef = 88B7A91700ABBA0BFF7FCEB5077CB987 /* UITextField+fixCaretPosition.swift */; };
		EC5246CB6C26D6680D741F077F20F0DE /* SkyFloatingLabelTextField-umbrella.h in Headers */ = {isa = PBXBuildFile; fileRef = 0B7006994319654F1B2BE2A36497AEC9 /* SkyFloatingLabelTextField-umbrella.h */; settings = {ATTRIBUTES = (Public, ); }; };
		EF188EC048AF7BB0EC67B7E36A84F36A /* SkyFloatingLabelTextField.swift in Sources */ = {isa = PBXBuildFile; fileRef = 417B5135DE816FF15062A92FFCDA3951 /* SkyFloatingLabelTextField.swift */; };
/* End PBXBuildFile section */

/* Begin PBXContainerItemProxy section */
		3578F8C20888E136A7A4917D0D303A68 /* PBXContainerItemProxy */ = {
			isa = PBXContainerItemProxy;
			containerPortal = BFDFE7DC352907FC980B868725387E98 /* Project object */;
			proxyType = 1;
			remoteGlobalIDString = DFBAF98039AB4BA7927B611FB65B61BC;
			remoteInfo = SkyFloatingLabelTextField;
		};
/* End PBXContainerItemProxy section */

/* Begin PBXFileReference section */
		0A7AE5685E9F55ADAEAA5755803C118D /* Pods-ReminderApp-Info.plist */ = {isa = PBXFileReference; includeInIndex = 1; lastKnownFileType = text.plist.xml; path = "Pods-ReminderApp-Info.plist"; sourceTree = "<group>"; };
		0B7006994319654F1B2BE2A36497AEC9 /* SkyFloatingLabelTextField-umbrella.h */ = {isa = PBXFileReference; includeInIndex = 1; lastKnownFileType = sourcecode.c.h; path = "SkyFloatingLabelTextField-umbrella.h"; sourceTree = "<group>"; };
		1BAD36F839E258742EAAF81C31318CFE /* Pods-ReminderApp-umbrella.h */ = {isa = PBXFileReference; includeInIndex = 1; lastKnownFileType = sourcecode.c.h; path = "Pods-ReminderApp-umbrella.h"; sourceTree = "<group>"; };
		2C6A01652C3E31AC39CAB2238844F146 /* SkyFloatingLabelTextField-Info.plist */ = {isa = PBXFileReference; includeInIndex = 1; lastKnownFileType = text.plist.xml; path = "SkyFloatingLabelTextField-Info.plist"; sourceTree = "<group>"; };
		2EA52B8E0FF443470DC2F947F1CF59C6 /* SkyFloatingLabelTextField.modulemap */ = {isa = PBXFileReference; includeInIndex = 1; lastKnownFileType = sourcecode.module; path = SkyFloatingLabelTextField.modulemap; sourceTree = "<group>"; };
		3062EC1B6668CF7562D8012C6F4BD2B6 /* Pods-ReminderApp-acknowledgements.plist */ = {isa = PBXFileReference; includeInIndex = 1; lastKnownFileType = text.plist.xml; path = "Pods-ReminderApp-acknowledgements.plist"; sourceTree = "<group>"; };
		3C5E41D0323800AF496C90DA7AFF7E14 /* SkyFloatingLabelTextFieldWithIcon.swift */ = {isa = PBXFileReference; includeInIndex = 1; lastKnownFileType = sourcecode.swift; name = SkyFloatingLabelTextFieldWithIcon.swift; path = Sources/SkyFloatingLabelTextFieldWithIcon.swift; sourceTree = "<group>"; };
		417B5135DE816FF15062A92FFCDA3951 /* SkyFloatingLabelTextField.swift */ = {isa = PBXFileReference; includeInIndex = 1; lastKnownFileType = sourcecode.swift; name = SkyFloatingLabelTextField.swift; path = Sources/SkyFloatingLabelTextField.swift; sourceTree = "<group>"; };
		4330792642CF7513EE912FDA623AF2F7 /* SkyFloatingLabelTextField-prefix.pch */ = {isa = PBXFileReference; includeInIndex = 1; lastKnownFileType = sourcecode.c.h; path = "SkyFloatingLabelTextField-prefix.pch"; sourceTree = "<group>"; };
		457CADA1BD85F608FD0C6BFA4F0AACDF /* SkyFloatingLabelTextField-dummy.m */ = {isa = PBXFileReference; includeInIndex = 1; lastKnownFileType = sourcecode.c.objc; path = "SkyFloatingLabelTextField-dummy.m"; sourceTree = "<group>"; };
		470AE70BD378476AF9B2C2EFB56D4836 /* Pods-ReminderApp.debug.xcconfig */ = {isa = PBXFileReference; includeInIndex = 1; lastKnownFileType = text.xcconfig; path = "Pods-ReminderApp.debug.xcconfig"; sourceTree = "<group>"; };
		56E3B4EE090710D8A0B75A8404C31351 /* Pods-ReminderApp */ = {isa = PBXFileReference; explicitFileType = wrapper.framework; includeInIndex = 0; name = "Pods-ReminderApp"; path = Pods_ReminderApp.framework; sourceTree = BUILT_PRODUCTS_DIR; };
		65DA810282744DAB6BEDDE9E0025A41C /* Pods-ReminderApp-dummy.m */ = {isa = PBXFileReference; includeInIndex = 1; lastKnownFileType = sourcecode.c.objc; path = "Pods-ReminderApp-dummy.m"; sourceTree = "<group>"; };
		71BB4E283959A45C6054CFF385C84EE6 /* Pods-ReminderApp-frameworks.sh */ = {isa = PBXFileReference; includeInIndex = 1; lastKnownFileType = text.script.sh; path = "Pods-ReminderApp-frameworks.sh"; sourceTree = "<group>"; };
		72BF52B4898258517DEF5A0A88574E56 /* SkyFloatingLabelTextField.release.xcconfig */ = {isa = PBXFileReference; includeInIndex = 1; lastKnownFileType = text.xcconfig; path = SkyFloatingLabelTextField.release.xcconfig; sourceTree = "<group>"; };
		73010CC983E3809BECEE5348DA1BB8C6 /* Foundation.framework */ = {isa = PBXFileReference; lastKnownFileType = wrapper.framework; name = Foundation.framework; path = Platforms/iPhoneOS.platform/Developer/SDKs/iPhoneOS14.0.sdk/System/Library/Frameworks/Foundation.framework; sourceTree = DEVELOPER_DIR; };
		7F10BB781BECB9099A6056DFC5031BDD /* Pods-ReminderApp.modulemap */ = {isa = PBXFileReference; includeInIndex = 1; lastKnownFileType = sourcecode.module; path = "Pods-ReminderApp.modulemap"; sourceTree = "<group>"; };
		88B7A91700ABBA0BFF7FCEB5077CB987 /* UITextField+fixCaretPosition.swift */ = {isa = PBXFileReference; includeInIndex = 1; lastKnownFileType = sourcecode.swift; name = "UITextField+fixCaretPosition.swift"; path = "Sources/UITextField+fixCaretPosition.swift"; sourceTree = "<group>"; };
		8C719D278B58B38574C26E7C42D3C286 /* SkyFloatingLabelTextField.debug.xcconfig */ = {isa = PBXFileReference; includeInIndex = 1; lastKnownFileType = text.xcconfig; path = SkyFloatingLabelTextField.debug.xcconfig; sourceTree = "<group>"; };
		9D940727FF8FB9C785EB98E56350EF41 /* Podfile */ = {isa = PBXFileReference; explicitFileType = text.script.ruby; includeInIndex = 1; indentWidth = 2; lastKnownFileType = text; name = Podfile; path = ../Podfile; sourceTree = SOURCE_ROOT; tabWidth = 2; xcLanguageSpecificationIdentifier = xcode.lang.ruby; };
		C0EBDBA818A8371C5B4378E9442B2AE6 /* Pods-ReminderApp.release.xcconfig */ = {isa = PBXFileReference; includeInIndex = 1; lastKnownFileType = text.xcconfig; path = "Pods-ReminderApp.release.xcconfig"; sourceTree = "<group>"; };
		D392C11EB32EACD5EC9C8D37B51482B6 /* SkyFloatingLabelTextField */ = {isa = PBXFileReference; explicitFileType = wrapper.framework; includeInIndex = 0; name = SkyFloatingLabelTextField; path = SkyFloatingLabelTextField.framework; sourceTree = BUILT_PRODUCTS_DIR; };
		DD1082716078B1973925D6986F56BE7A /* Pods-ReminderApp-acknowledgements.markdown */ = {isa = PBXFileReference; includeInIndex = 1; lastKnownFileType = text; path = "Pods-ReminderApp-acknowledgements.markdown"; sourceTree = "<group>"; };
/* End PBXFileReference section */

/* Begin PBXFrameworksBuildPhase section */
		5CD5D9BE3E58974D1FF42F9B1BDFBB53 /* Frameworks */ = {
			isa = PBXFrameworksBuildPhase;
			buildActionMask = 2147483647;
			files = (
				C5365905DB5F9D3AFA78B6659B09FA3B /* Foundation.framework in Frameworks */,
			);
			runOnlyForDeploymentPostprocessing = 0;
		};
		DDEEE33742FB47163BAE4F8483F14BF2 /* Frameworks */ = {
			isa = PBXFrameworksBuildPhase;
			buildActionMask = 2147483647;
			files = (
				5ABF5005394286424D09C497637250A2 /* Foundation.framework in Frameworks */,
			);
			runOnlyForDeploymentPostprocessing = 0;
		};
/* End PBXFrameworksBuildPhase section */

/* Begin PBXGroup section */
		2A51A4976E6D63EE350298FF10EA819B /* Targets Support Files */ = {
			isa = PBXGroup;
			children = (
				CDE490DFC628CDAEB4B246346744FCA6 /* Pods-ReminderApp */,
			);
			name = "Targets Support Files";
			sourceTree = "<group>";
		};
		4B5B28EADCDFA01D242EDB164DBA4D61 /* Pods */ = {
			isa = PBXGroup;
			children = (
				F7051AB8797CF325C5FF4DA40C6334D5 /* SkyFloatingLabelTextField */,
			);
			name = Pods;
			sourceTree = "<group>";
		};
		578452D2E740E91742655AC8F1636D1F /* iOS */ = {
			isa = PBXGroup;
			children = (
				73010CC983E3809BECEE5348DA1BB8C6 /* Foundation.framework */,
			);
			name = iOS;
			sourceTree = "<group>";
		};
		9F30C9D27AABA46BFE83A889BA958917 /* Products */ = {
			isa = PBXGroup;
			children = (
				56E3B4EE090710D8A0B75A8404C31351 /* Pods-ReminderApp */,
				D392C11EB32EACD5EC9C8D37B51482B6 /* SkyFloatingLabelTextField */,
			);
			name = Products;
			sourceTree = "<group>";
		};
		CDE490DFC628CDAEB4B246346744FCA6 /* Pods-ReminderApp */ = {
			isa = PBXGroup;
			children = (
				7F10BB781BECB9099A6056DFC5031BDD /* Pods-ReminderApp.modulemap */,
				DD1082716078B1973925D6986F56BE7A /* Pods-ReminderApp-acknowledgements.markdown */,
				3062EC1B6668CF7562D8012C6F4BD2B6 /* Pods-ReminderApp-acknowledgements.plist */,
				65DA810282744DAB6BEDDE9E0025A41C /* Pods-ReminderApp-dummy.m */,
				71BB4E283959A45C6054CFF385C84EE6 /* Pods-ReminderApp-frameworks.sh */,
				0A7AE5685E9F55ADAEAA5755803C118D /* Pods-ReminderApp-Info.plist */,
				1BAD36F839E258742EAAF81C31318CFE /* Pods-ReminderApp-umbrella.h */,
				470AE70BD378476AF9B2C2EFB56D4836 /* Pods-ReminderApp.debug.xcconfig */,
				C0EBDBA818A8371C5B4378E9442B2AE6 /* Pods-ReminderApp.release.xcconfig */,
			);
			name = "Pods-ReminderApp";
			path = "Target Support Files/Pods-ReminderApp";
			sourceTree = "<group>";
		};
		CF1408CF629C7361332E53B88F7BD30C = {
			isa = PBXGroup;
			children = (
				9D940727FF8FB9C785EB98E56350EF41 /* Podfile */,
				D210D550F4EA176C3123ED886F8F87F5 /* Frameworks */,
				4B5B28EADCDFA01D242EDB164DBA4D61 /* Pods */,
				9F30C9D27AABA46BFE83A889BA958917 /* Products */,
				2A51A4976E6D63EE350298FF10EA819B /* Targets Support Files */,
			);
			sourceTree = "<group>";
		};
		D210D550F4EA176C3123ED886F8F87F5 /* Frameworks */ = {
			isa = PBXGroup;
			children = (
				578452D2E740E91742655AC8F1636D1F /* iOS */,
			);
			name = Frameworks;
			sourceTree = "<group>";
		};
		D8B982ECC789764ECE911BDEDA82EB48 /* Support Files */ = {
			isa = PBXGroup;
			children = (
				2EA52B8E0FF443470DC2F947F1CF59C6 /* SkyFloatingLabelTextField.modulemap */,
				457CADA1BD85F608FD0C6BFA4F0AACDF /* SkyFloatingLabelTextField-dummy.m */,
				2C6A01652C3E31AC39CAB2238844F146 /* SkyFloatingLabelTextField-Info.plist */,
				4330792642CF7513EE912FDA623AF2F7 /* SkyFloatingLabelTextField-prefix.pch */,
				0B7006994319654F1B2BE2A36497AEC9 /* SkyFloatingLabelTextField-umbrella.h */,
				8C719D278B58B38574C26E7C42D3C286 /* SkyFloatingLabelTextField.debug.xcconfig */,
				72BF52B4898258517DEF5A0A88574E56 /* SkyFloatingLabelTextField.release.xcconfig */,
			);
			name = "Support Files";
			path = "../Target Support Files/SkyFloatingLabelTextField";
			sourceTree = "<group>";
		};
		F7051AB8797CF325C5FF4DA40C6334D5 /* SkyFloatingLabelTextField */ = {
			isa = PBXGroup;
			children = (
				417B5135DE816FF15062A92FFCDA3951 /* SkyFloatingLabelTextField.swift */,
				3C5E41D0323800AF496C90DA7AFF7E14 /* SkyFloatingLabelTextFieldWithIcon.swift */,
				88B7A91700ABBA0BFF7FCEB5077CB987 /* UITextField+fixCaretPosition.swift */,
				D8B982ECC789764ECE911BDEDA82EB48 /* Support Files */,
			);
			name = SkyFloatingLabelTextField;
			path = SkyFloatingLabelTextField;
			sourceTree = "<group>";
		};
/* End PBXGroup section */

/* Begin PBXHeadersBuildPhase section */
		87716A31255D537B8CB9E21538071B75 /* Headers */ = {
			isa = PBXHeadersBuildPhase;
			buildActionMask = 2147483647;
			files = (
				71F14BDCF58F35F2568B8BA88036D1C4 /* Pods-ReminderApp-umbrella.h in Headers */,
			);
			runOnlyForDeploymentPostprocessing = 0;
		};
		B0C96C5EDEA1256E3D515B772D897D55 /* Headers */ = {
			isa = PBXHeadersBuildPhase;
			buildActionMask = 2147483647;
			files = (
				EC5246CB6C26D6680D741F077F20F0DE /* SkyFloatingLabelTextField-umbrella.h in Headers */,
			);
			runOnlyForDeploymentPostprocessing = 0;
		};
/* End PBXHeadersBuildPhase section */

/* Begin PBXNativeTarget section */
		13ABF6FD693F860FA41A13C355C18C62 /* Pods-ReminderApp */ = {
			isa = PBXNativeTarget;
			buildConfigurationList = 43FD4399A1F09E0FC9D14DEED47A576E /* Build configuration list for PBXNativeTarget "Pods-ReminderApp" */;
			buildPhases = (
				87716A31255D537B8CB9E21538071B75 /* Headers */,
				19EB25E86A364C8A2DFEC5527833FC2C /* Sources */,
				5CD5D9BE3E58974D1FF42F9B1BDFBB53 /* Frameworks */,
				C480C1EE56DC6C9DF0144E056D061CCE /* Resources */,
			);
			buildRules = (
			);
			dependencies = (
				C9D9E8B911F1A1FA7EE0F9BE1CB818D2 /* PBXTargetDependency */,
			);
			name = "Pods-ReminderApp";
			productName = Pods_ReminderApp;
			productReference = 56E3B4EE090710D8A0B75A8404C31351 /* Pods-ReminderApp */;
			productType = "com.apple.product-type.framework";
		};
		DFBAF98039AB4BA7927B611FB65B61BC /* SkyFloatingLabelTextField */ = {
			isa = PBXNativeTarget;
			buildConfigurationList = A33CF291238FED53E179F23B383C4853 /* Build configuration list for PBXNativeTarget "SkyFloatingLabelTextField" */;
			buildPhases = (
				B0C96C5EDEA1256E3D515B772D897D55 /* Headers */,
				404C51FACE5CFAC8FFF4FDC8C2AF9B6C /* Sources */,
				DDEEE33742FB47163BAE4F8483F14BF2 /* Frameworks */,
				BB72A33DD8F816B8303665F0BDA97B68 /* Resources */,
			);
			buildRules = (
			);
			dependencies = (
			);
			name = SkyFloatingLabelTextField;
			productName = SkyFloatingLabelTextField;
			productReference = D392C11EB32EACD5EC9C8D37B51482B6 /* SkyFloatingLabelTextField */;
			productType = "com.apple.product-type.framework";
		};
/* End PBXNativeTarget section */

/* Begin PBXProject section */
		BFDFE7DC352907FC980B868725387E98 /* Project object */ = {
			isa = PBXProject;
			attributes = {
				LastSwiftUpdateCheck = 1240;
				LastUpgradeCheck = 1240;
			};
			buildConfigurationList = 4821239608C13582E20E6DA73FD5F1F9 /* Build configuration list for PBXProject "Pods" */;
			compatibilityVersion = "Xcode 13.0";
			developmentRegion = en;
			hasScannedForEncodings = 0;
			knownRegions = (
				Base,
				en,
			);
			mainGroup = CF1408CF629C7361332E53B88F7BD30C;
			productRefGroup = 9F30C9D27AABA46BFE83A889BA958917 /* Products */;
			projectDirPath = "";
			projectRoot = "";
			targets = (
				13ABF6FD693F860FA41A13C355C18C62 /* Pods-ReminderApp */,
				DFBAF98039AB4BA7927B611FB65B61BC /* SkyFloatingLabelTextField */,
			);
		};
/* End PBXProject section */

/* Begin PBXResourcesBuildPhase section */
		BB72A33DD8F816B8303665F0BDA97B68 /* Resources */ = {
			isa = PBXResourcesBuildPhase;
			buildActionMask = 2147483647;
			files = (
			);
			runOnlyForDeploymentPostprocessing = 0;
		};
		C480C1EE56DC6C9DF0144E056D061CCE /* Resources */ = {
			isa = PBXResourcesBuildPhase;
			buildActionMask = 2147483647;
			files = (
			);
			runOnlyForDeploymentPostprocessing = 0;
		};
/* End PBXResourcesBuildPhase section */

/* Begin PBXSourcesBuildPhase section */
		19EB25E86A364C8A2DFEC5527833FC2C /* Sources */ = {
			isa = PBXSourcesBuildPhase;
			buildActionMask = 2147483647;
			files = (
				AC0326BB09CDDE80C7B29F5F33280C39 /* Pods-ReminderApp-dummy.m in Sources */,
			);
			runOnlyForDeploymentPostprocessing = 0;
		};
		404C51FACE5CFAC8FFF4FDC8C2AF9B6C /* Sources */ = {
			isa = PBXSourcesBuildPhase;
			buildActionMask = 2147483647;
			files = (
				EF188EC048AF7BB0EC67B7E36A84F36A /* SkyFloatingLabelTextField.swift in Sources */,
				878035B27CC6F4ADFB8E5393164F0002 /* SkyFloatingLabelTextField-dummy.m in Sources */,
				69C454BB3248AF5B39142B95250D1C6A /* SkyFloatingLabelTextFieldWithIcon.swift in Sources */,
				E2ABE924B2D77383C50E0BAD47F1A2CE /* UITextField+fixCaretPosition.swift in Sources */,
			);
			runOnlyForDeploymentPostprocessing = 0;
		};
/* End PBXSourcesBuildPhase section */

/* Begin PBXTargetDependency section */
		C9D9E8B911F1A1FA7EE0F9BE1CB818D2 /* PBXTargetDependency */ = {
			isa = PBXTargetDependency;
			name = SkyFloatingLabelTextField;
			target = DFBAF98039AB4BA7927B611FB65B61BC /* SkyFloatingLabelTextField */;
			targetProxy = 3578F8C20888E136A7A4917D0D303A68 /* PBXContainerItemProxy */;
		};
/* End PBXTargetDependency section */

/* Begin XCBuildConfiguration section */
		61E6BC952FC9C811FFF667371453064A /* Debug */ = {
			isa = XCBuildConfiguration;
			baseConfigurationReference = 470AE70BD378476AF9B2C2EFB56D4836 /* Pods-ReminderApp.debug.xcconfig */;
			buildSettings = {
				ALWAYS_EMBED_SWIFT_STANDARD_LIBRARIES = NO;
				CLANG_ENABLE_OBJC_WEAK = NO;
				"CODE_SIGN_IDENTITY[sdk=appletvos*]" = "";
				"CODE_SIGN_IDENTITY[sdk=iphoneos*]" = "";
				"CODE_SIGN_IDENTITY[sdk=watchos*]" = "";
				CURRENT_PROJECT_VERSION = 1;
				DEFINES_MODULE = YES;
				DYLIB_COMPATIBILITY_VERSION = 1;
				DYLIB_CURRENT_VERSION = 1;
				DYLIB_INSTALL_NAME_BASE = "@rpath";
				INFOPLIST_FILE = "Target Support Files/Pods-ReminderApp/Pods-ReminderApp-Info.plist";
				INSTALL_PATH = "$(LOCAL_LIBRARY_DIR)/Frameworks";
				IPHONEOS_DEPLOYMENT_TARGET = 15.0;
				LD_RUNPATH_SEARCH_PATHS = (
					"$(inherited)",
					"@executable_path/Frameworks",
					"@loader_path/Frameworks",
				);
				MACH_O_TYPE = staticlib;
				MODULEMAP_FILE = "Target Support Files/Pods-ReminderApp/Pods-ReminderApp.modulemap";
				OTHER_LDFLAGS = "";
				OTHER_LIBTOOLFLAGS = "";
				PODS_ROOT = "$(SRCROOT)";
				PRODUCT_BUNDLE_IDENTIFIER = "org.cocoapods.${PRODUCT_NAME:rfc1034identifier}";
				PRODUCT_NAME = "$(TARGET_NAME:c99extidentifier)";
				SDKROOT = iphoneos;
				SKIP_INSTALL = YES;
				TARGETED_DEVICE_FAMILY = "1,2";
				VERSIONING_SYSTEM = "apple-generic";
				VERSION_INFO_PREFIX = "";
			};
			name = Debug;
		};
		90D4D09BCB6A4660E43ACBE9ECB6FE9A /* Debug */ = {
			isa = XCBuildConfiguration;
			buildSettings = {
				ALWAYS_SEARCH_USER_PATHS = NO;
				CLANG_ANALYZER_LOCALIZABILITY_NONLOCALIZED = YES;
				CLANG_ANALYZER_NONNULL = YES;
				CLANG_ANALYZER_NUMBER_OBJECT_CONVERSION = YES_AGGRESSIVE;
				CLANG_CXX_LANGUAGE_STANDARD = "gnu++14";
				CLANG_CXX_LIBRARY = "libc++";
				CLANG_ENABLE_MODULES = YES;
				CLANG_ENABLE_OBJC_ARC = YES;
				CLANG_ENABLE_OBJC_WEAK = YES;
				CLANG_WARN_BLOCK_CAPTURE_AUTORELEASING = YES;
				CLANG_WARN_BOOL_CONVERSION = YES;
				CLANG_WARN_COMMA = YES;
				CLANG_WARN_CONSTANT_CONVERSION = YES;
				CLANG_WARN_DEPRECATED_OBJC_IMPLEMENTATIONS = YES;
				CLANG_WARN_DIRECT_OBJC_ISA_USAGE = YES_ERROR;
				CLANG_WARN_DOCUMENTATION_COMMENTS = YES;
				CLANG_WARN_EMPTY_BODY = YES;
				CLANG_WARN_ENUM_CONVERSION = YES;
				CLANG_WARN_INFINITE_RECURSION = YES;
				CLANG_WARN_INT_CONVERSION = YES;
				CLANG_WARN_NON_LITERAL_NULL_CONVERSION = YES;
				CLANG_WARN_OBJC_IMPLICIT_RETAIN_SELF = YES;
				CLANG_WARN_OBJC_LITERAL_CONVERSION = YES;
				CLANG_WARN_OBJC_ROOT_CLASS = YES_ERROR;
				CLANG_WARN_QUOTED_INCLUDE_IN_FRAMEWORK_HEADER = YES;
				CLANG_WARN_RANGE_LOOP_ANALYSIS = YES;
				CLANG_WARN_STRICT_PROTOTYPES = YES;
				CLANG_WARN_SUSPICIOUS_MOVE = YES;
				CLANG_WARN_UNGUARDED_AVAILABILITY = YES_AGGRESSIVE;
				CLANG_WARN_UNREACHABLE_CODE = YES;
				CLANG_WARN__DUPLICATE_METHOD_MATCH = YES;
				COPY_PHASE_STRIP = NO;
				DEBUG_INFORMATION_FORMAT = dwarf;
				ENABLE_STRICT_OBJC_MSGSEND = YES;
				ENABLE_TESTABILITY = YES;
				GCC_C_LANGUAGE_STANDARD = gnu11;
				GCC_DYNAMIC_NO_PIC = NO;
				GCC_NO_COMMON_BLOCKS = YES;
				GCC_OPTIMIZATION_LEVEL = 0;
				GCC_PREPROCESSOR_DEFINITIONS = (
					"POD_CONFIGURATION_DEBUG=1",
					"DEBUG=1",
					"$(inherited)",
				);
				GCC_WARN_64_TO_32_BIT_CONVERSION = YES;
				GCC_WARN_ABOUT_RETURN_TYPE = YES_ERROR;
				GCC_WARN_UNDECLARED_SELECTOR = YES;
				GCC_WARN_UNINITIALIZED_AUTOS = YES_AGGRESSIVE;
				GCC_WARN_UNUSED_FUNCTION = YES;
				GCC_WARN_UNUSED_VARIABLE = YES;
				IPHONEOS_DEPLOYMENT_TARGET = 15.0;
				MTL_ENABLE_DEBUG_INFO = INCLUDE_SOURCE;
				MTL_FAST_MATH = YES;
				ONLY_ACTIVE_ARCH = YES;
				PRODUCT_NAME = "$(TARGET_NAME)";
				STRIP_INSTALLED_PRODUCT = NO;
				SWIFT_ACTIVE_COMPILATION_CONDITIONS = DEBUG;
				SWIFT_OPTIMIZATION_LEVEL = "-Onone";
				SWIFT_VERSION = 5.0;
				SYMROOT = "${SRCROOT}/../build";
			};
			name = Debug;
		};
		9553C89E183877A5CB2F3C6801BEC129 /* Release */ = {
			isa = XCBuildConfiguration;
			buildSettings = {
				ALWAYS_SEARCH_USER_PATHS = NO;
				CLANG_ANALYZER_LOCALIZABILITY_NONLOCALIZED = YES;
				CLANG_ANALYZER_NONNULL = YES;
				CLANG_ANALYZER_NUMBER_OBJECT_CONVERSION = YES_AGGRESSIVE;
				CLANG_CXX_LANGUAGE_STANDARD = "gnu++14";
				CLANG_CXX_LIBRARY = "libc++";
				CLANG_ENABLE_MODULES = YES;
				CLANG_ENABLE_OBJC_ARC = YES;
				CLANG_ENABLE_OBJC_WEAK = YES;
				CLANG_WARN_BLOCK_CAPTURE_AUTORELEASING = YES;
				CLANG_WARN_BOOL_CONVERSION = YES;
				CLANG_WARN_COMMA = YES;
				CLANG_WARN_CONSTANT_CONVERSION = YES;
				CLANG_WARN_DEPRECATED_OBJC_IMPLEMENTATIONS = YES;
				CLANG_WARN_DIRECT_OBJC_ISA_USAGE = YES_ERROR;
				CLANG_WARN_DOCUMENTATION_COMMENTS = YES;
				CLANG_WARN_EMPTY_BODY = YES;
				CLANG_WARN_ENUM_CONVERSION = YES;
				CLANG_WARN_INFINITE_RECURSION = YES;
				CLANG_WARN_INT_CONVERSION = YES;
				CLANG_WARN_NON_LITERAL_NULL_CONVERSION = YES;
				CLANG_WARN_OBJC_IMPLICIT_RETAIN_SELF = YES;
				CLANG_WARN_OBJC_LITERAL_CONVERSION = YES;
				CLANG_WARN_OBJC_ROOT_CLASS = YES_ERROR;
				CLANG_WARN_QUOTED_INCLUDE_IN_FRAMEWORK_HEADER = YES;
				CLANG_WARN_RANGE_LOOP_ANALYSIS = YES;
				CLANG_WARN_STRICT_PROTOTYPES = YES;
				CLANG_WARN_SUSPICIOUS_MOVE = YES;
				CLANG_WARN_UNGUARDED_AVAILABILITY = YES_AGGRESSIVE;
				CLANG_WARN_UNREACHABLE_CODE = YES;
				CLANG_WARN__DUPLICATE_METHOD_MATCH = YES;
				COPY_PHASE_STRIP = NO;
				DEBUG_INFORMATION_FORMAT = "dwarf-with-dsym";
				ENABLE_NS_ASSERTIONS = NO;
				ENABLE_STRICT_OBJC_MSGSEND = YES;
				GCC_C_LANGUAGE_STANDARD = gnu11;
				GCC_NO_COMMON_BLOCKS = YES;
				GCC_PREPROCESSOR_DEFINITIONS = (
					"POD_CONFIGURATION_RELEASE=1",
					"$(inherited)",
				);
				GCC_WARN_64_TO_32_BIT_CONVERSION = YES;
				GCC_WARN_ABOUT_RETURN_TYPE = YES_ERROR;
				GCC_WARN_UNDECLARED_SELECTOR = YES;
				GCC_WARN_UNINITIALIZED_AUTOS = YES_AGGRESSIVE;
				GCC_WARN_UNUSED_FUNCTION = YES;
				GCC_WARN_UNUSED_VARIABLE = YES;
				IPHONEOS_DEPLOYMENT_TARGET = 15.0;
				MTL_ENABLE_DEBUG_INFO = NO;
				MTL_FAST_MATH = YES;
				PRODUCT_NAME = "$(TARGET_NAME)";
				STRIP_INSTALLED_PRODUCT = NO;
				SWIFT_COMPILATION_MODE = wholemodule;
				SWIFT_OPTIMIZATION_LEVEL = "-O";
				SWIFT_VERSION = 5.0;
				SYMROOT = "${SRCROOT}/../build";
			};
			name = Release;
		};
		A98A483A72F55049557914BDE8AA49C8 /* Debug */ = {
			isa = XCBuildConfiguration;
			baseConfigurationReference = 8C719D278B58B38574C26E7C42D3C286 /* SkyFloatingLabelTextField.debug.xcconfig */;
			buildSettings = {
				"CODE_SIGN_IDENTITY[sdk=appletvos*]" = "";
				"CODE_SIGN_IDENTITY[sdk=iphoneos*]" = "";
				"CODE_SIGN_IDENTITY[sdk=watchos*]" = "";
				CURRENT_PROJECT_VERSION = 1;
				DEFINES_MODULE = YES;
				DYLIB_COMPATIBILITY_VERSION = 1;
				DYLIB_CURRENT_VERSION = 1;
				DYLIB_INSTALL_NAME_BASE = "@rpath";
				GCC_PREFIX_HEADER = "Target Support Files/SkyFloatingLabelTextField/SkyFloatingLabelTextField-prefix.pch";
				INFOPLIST_FILE = "Target Support Files/SkyFloatingLabelTextField/SkyFloatingLabelTextField-Info.plist";
				INSTALL_PATH = "$(LOCAL_LIBRARY_DIR)/Frameworks";
				IPHONEOS_DEPLOYMENT_TARGET = 9.0;
				LD_RUNPATH_SEARCH_PATHS = (
					"$(inherited)",
					"@executable_path/Frameworks",
					"@loader_path/Frameworks",
				);
				MODULEMAP_FILE = "Target Support Files/SkyFloatingLabelTextField/SkyFloatingLabelTextField.modulemap";
				PRODUCT_MODULE_NAME = SkyFloatingLabelTextField;
				PRODUCT_NAME = SkyFloatingLabelTextField;
				SDKROOT = iphoneos;
				SKIP_INSTALL = YES;
				SWIFT_ACTIVE_COMPILATION_CONDITIONS = "$(inherited) ";
				SWIFT_VERSION = 5.0;
				TARGETED_DEVICE_FAMILY = "1,2";
				VERSIONING_SYSTEM = "apple-generic";
				VERSION_INFO_PREFIX = "";
			};
			name = Debug;
		};
		EFAF8F00D449138C6B9DEEAFF91B94DB /* Release */ = {
			isa = XCBuildConfiguration;
			baseConfigurationReference = 72BF52B4898258517DEF5A0A88574E56 /* SkyFloatingLabelTextField.release.xcconfig */;
			buildSettings = {
				"CODE_SIGN_IDENTITY[sdk=appletvos*]" = "";
				"CODE_SIGN_IDENTITY[sdk=iphoneos*]" = "";
				"CODE_SIGN_IDENTITY[sdk=watchos*]" = "";
				CURRENT_PROJECT_VERSION = 1;
				DEFINES_MODULE = YES;
				DYLIB_COMPATIBILITY_VERSION = 1;
				DYLIB_CURRENT_VERSION = 1;
				DYLIB_INSTALL_NAME_BASE = "@rpath";
				GCC_PREFIX_HEADER = "Target Support Files/SkyFloatingLabelTextField/SkyFloatingLabelTextField-prefix.pch";
				INFOPLIST_FILE = "Target Support Files/SkyFloatingLabelTextField/SkyFloatingLabelTextField-Info.plist";
				INSTALL_PATH = "$(LOCAL_LIBRARY_DIR)/Frameworks";
				IPHONEOS_DEPLOYMENT_TARGET = 9.0;
				LD_RUNPATH_SEARCH_PATHS = (
					"$(inherited)",
					"@executable_path/Frameworks",
					"@loader_path/Frameworks",
				);
				MODULEMAP_FILE = "Target Support Files/SkyFloatingLabelTextField/SkyFloatingLabelTextField.modulemap";
				PRODUCT_MODULE_NAME = SkyFloatingLabelTextField;
				PRODUCT_NAME = SkyFloatingLabelTextField;
				SDKROOT = iphoneos;
				SKIP_INSTALL = YES;
				SWIFT_ACTIVE_COMPILATION_CONDITIONS = "$(inherited) ";
				SWIFT_VERSION = 5.0;
				TARGETED_DEVICE_FAMILY = "1,2";
				VALIDATE_PRODUCT = YES;
				VERSIONING_SYSTEM = "apple-generic";
				VERSION_INFO_PREFIX = "";
			};
			name = Release;
		};
		F61601C867877F704E14FBDB0C0702A9 /* Release */ = {
			isa = XCBuildConfiguration;
			baseConfigurationReference = C0EBDBA818A8371C5B4378E9442B2AE6 /* Pods-ReminderApp.release.xcconfig */;
			buildSettings = {
				ALWAYS_EMBED_SWIFT_STANDARD_LIBRARIES = NO;
				CLANG_ENABLE_OBJC_WEAK = NO;
				"CODE_SIGN_IDENTITY[sdk=appletvos*]" = "";
				"CODE_SIGN_IDENTITY[sdk=iphoneos*]" = "";
				"CODE_SIGN_IDENTITY[sdk=watchos*]" = "";
				CURRENT_PROJECT_VERSION = 1;
				DEFINES_MODULE = YES;
				DYLIB_COMPATIBILITY_VERSION = 1;
				DYLIB_CURRENT_VERSION = 1;
				DYLIB_INSTALL_NAME_BASE = "@rpath";
				INFOPLIST_FILE = "Target Support Files/Pods-ReminderApp/Pods-ReminderApp-Info.plist";
				INSTALL_PATH = "$(LOCAL_LIBRARY_DIR)/Frameworks";
				IPHONEOS_DEPLOYMENT_TARGET = 15.0;
				LD_RUNPATH_SEARCH_PATHS = (
					"$(inherited)",
					"@executable_path/Frameworks",
					"@loader_path/Frameworks",
				);
				MACH_O_TYPE = staticlib;
				MODULEMAP_FILE = "Target Support Files/Pods-ReminderApp/Pods-ReminderApp.modulemap";
				OTHER_LDFLAGS = "";
				OTHER_LIBTOOLFLAGS = "";
				PODS_ROOT = "$(SRCROOT)";
				PRODUCT_BUNDLE_IDENTIFIER = "org.cocoapods.${PRODUCT_NAME:rfc1034identifier}";
				PRODUCT_NAME = "$(TARGET_NAME:c99extidentifier)";
				SDKROOT = iphoneos;
				SKIP_INSTALL = YES;
				TARGETED_DEVICE_FAMILY = "1,2";
				VALIDATE_PRODUCT = YES;
				VERSIONING_SYSTEM = "apple-generic";
				VERSION_INFO_PREFIX = "";
			};
			name = Release;
		};
/* End XCBuildConfiguration section */

/* Begin XCConfigurationList section */
		43FD4399A1F09E0FC9D14DEED47A576E /* Build configuration list for PBXNativeTarget "Pods-ReminderApp" */ = {
			isa = XCConfigurationList;
			buildConfigurations = (
				61E6BC952FC9C811FFF667371453064A /* Debug */,
				F61601C867877F704E14FBDB0C0702A9 /* Release */,
			);
			defaultConfigurationIsVisible = 0;
			defaultConfigurationName = Release;
		};
		4821239608C13582E20E6DA73FD5F1F9 /* Build configuration list for PBXProject "Pods" */ = {
			isa = XCConfigurationList;
			buildConfigurations = (
				90D4D09BCB6A4660E43ACBE9ECB6FE9A /* Debug */,
				9553C89E183877A5CB2F3C6801BEC129 /* Release */,
			);
			defaultConfigurationIsVisible = 0;
			defaultConfigurationName = Release;
		};
		A33CF291238FED53E179F23B383C4853 /* Build configuration list for PBXNativeTarget "SkyFloatingLabelTextField" */ = {
			isa = XCConfigurationList;
			buildConfigurations = (
				A98A483A72F55049557914BDE8AA49C8 /* Debug */,
				EFAF8F00D449138C6B9DEEAFF91B94DB /* Release */,
			);
			defaultConfigurationIsVisible = 0;
			defaultConfigurationName = Release;
		};
/* End XCConfigurationList section */
	};
	rootObject = BFDFE7DC352907FC980B868725387E98 /* Project object */;
}
